
Microsoft Visual Studio Solution File, Format Version 12.00
# Visual Studio 2013
VisualStudioVersion = 12.0.21005.1
MinimumVisualStudioVersion = 10.0.40219.1
Project("{FAE04EC0-301F-11D3-BF4B-00C04F79EFBC}") = "02三层中的多条件搜索实现方式", "02三层中的多条件搜索实现方式.csproj", "{39CDEF84-2BBE-4CCC-A5EF-CC45B7EBE51A}"
EndProject
Global
	GlobalSection(SolutionConfigurationPlatforms) = preSolution
		Debug|Any CPU = Debug|Any CPU
		Release|Any CPU = Release|Any CPU
	EndGlobalSection
	GlobalSection(ProjectConfigurationPlatforms) = postSolution
		{39CDEF84-2BBE-4CCC-A5EF-CC45B7EBE51A}.Debug|Any CPU.ActiveCfg = Debug|Any CPU
		{39CDEF84-2BBE-4CCC-A5EF-CC45B7EBE51A}.Debug|Any CPU.Build.0 = Debug|Any CPU
		{39CDEF84-2BBE-4CCC-A5EF-CC45B7EBE51A}.Release|Any CPU.ActiveCfg = Release|Any CPU
		{39CDEF84-2BBE-4CCC-A5EF-CC45B7EBE51A}.Release|Any CPU.Build.0 = Release|Any CPU
	EndGlobalSection
	GlobalSection(SolutionProperties) = preSolution
		HideSolutionNode = FALSE
	EndGlobalSection
EndGlobal
