
Microsoft Visual Studio Solution File, Format Version 12.00
# Visual Studio 2012
Project("{FAE04EC0-301F-11D3-BF4B-00C04F79EFBC}") = "Itcast.CMS.Model", "Itcast.CMS.Model\Itcast.CMS.Model.csproj", "{94C3A266-8E63-4312-8955-161E8F0753C0}"
EndProject
Project("{FAE04EC0-301F-11D3-BF4B-00C04F79EFBC}") = "Itcast.CMS.DAL", "Itcast.CMS.DAL\Itcast.CMS.DAL.csproj", "{E778A17D-B51E-4383-A59F-D89E706A09FC}"
EndProject
Project("{FAE04EC0-301F-11D3-BF4B-00C04F79EFBC}") = "Itcast.CMS.BLL", "Itcast.CMS.BLL\Itcast.CMS.BLL.csproj", "{3DB1CF22-F5E7-405E-85F1-290AE16761C5}"
EndProject
Project("{FAE04EC0-301F-11D3-BF4B-00C04F79EFBC}") = "Itcast.CMS.Common", "Itcast.CMS.Common\Itcast.CMS.Common.csproj", "{A2BDC142-6FBA-465B-8032-587DA75E0994}"
EndProject
Project("{FAE04EC0-301F-11D3-BF4B-00C04F79EFBC}") = "Itcast.CMS.WebApp", "Itcast.CMS.WebApp\Itcast.CMS.WebApp.csproj", "{F5EBC9AF-1FDC-437C-B677-DF38A2C9C0B0}"
EndProject
Global
	GlobalSection(SolutionConfigurationPlatforms) = preSolution
		Debug|Any CPU = Debug|Any CPU
		Release|Any CPU = Release|Any CPU
	EndGlobalSection
	GlobalSection(ProjectConfigurationPlatforms) = postSolution
		{94C3A266-8E63-4312-8955-161E8F0753C0}.Debug|Any CPU.ActiveCfg = Debug|Any CPU
		{94C3A266-8E63-4312-8955-161E8F0753C0}.Debug|Any CPU.Build.0 = Debug|Any CPU
		{94C3A266-8E63-4312-8955-161E8F0753C0}.Release|Any CPU.ActiveCfg = Release|Any CPU
		{94C3A266-8E63-4312-8955-161E8F0753C0}.Release|Any CPU.Build.0 = Release|Any CPU
		{E778A17D-B51E-4383-A59F-D89E706A09FC}.Debug|Any CPU.ActiveCfg = Debug|Any CPU
		{E778A17D-B51E-4383-A59F-D89E706A09FC}.Debug|Any CPU.Build.0 = Debug|Any CPU
		{E778A17D-B51E-4383-A59F-D89E706A09FC}.Release|Any CPU.ActiveCfg = Release|Any CPU
		{E778A17D-B51E-4383-A59F-D89E706A09FC}.Release|Any CPU.Build.0 = Release|Any CPU
		{3DB1CF22-F5E7-405E-85F1-290AE16761C5}.Debug|Any CPU.ActiveCfg = Debug|Any CPU
		{3DB1CF22-F5E7-405E-85F1-290AE16761C5}.Debug|Any CPU.Build.0 = Debug|Any CPU
		{3DB1CF22-F5E7-405E-85F1-290AE16761C5}.Release|Any CPU.ActiveCfg = Release|Any CPU
		{3DB1CF22-F5E7-405E-85F1-290AE16761C5}.Release|Any CPU.Build.0 = Release|Any CPU
		{A2BDC142-6FBA-465B-8032-587DA75E0994}.Debug|Any CPU.ActiveCfg = Debug|Any CPU
		{A2BDC142-6FBA-465B-8032-587DA75E0994}.Debug|Any CPU.Build.0 = Debug|Any CPU
		{A2BDC142-6FBA-465B-8032-587DA75E0994}.Release|Any CPU.ActiveCfg = Release|Any CPU
		{A2BDC142-6FBA-465B-8032-587DA75E0994}.Release|Any CPU.Build.0 = Release|Any CPU
		{F5EBC9AF-1FDC-437C-B677-DF38A2C9C0B0}.Debug|Any CPU.ActiveCfg = Debug|Any CPU
		{F5EBC9AF-1FDC-437C-B677-DF38A2C9C0B0}.Debug|Any CPU.Build.0 = Debug|Any CPU
		{F5EBC9AF-1FDC-437C-B677-DF38A2C9C0B0}.Release|Any CPU.ActiveCfg = Release|Any CPU
		{F5EBC9AF-1FDC-437C-B677-DF38A2C9C0B0}.Release|Any CPU.Build.0 = Release|Any CPU
	EndGlobalSection
	GlobalSection(SolutionProperties) = preSolution
		HideSolutionNode = FALSE
	EndGlobalSection
EndGlobal
