
Microsoft Visual Studio Solution File, Format Version 12.00
# Visual Studio 14
VisualStudioVersion = 14.0.22823.1
MinimumVisualStudioVersion = 10.0.40219.1
Project("{FAE04EC0-301F-11D3-BF4B-00C04F79EFBC}") = "AngularBlog", "AngularBlog\AngularBlog.csproj", "{8C3B19B4-CBBE-46E3-A325-05CF287F2AE6}"
EndProject
Project("{2150E333-8FDC-42A3-9474-1A3956D46DE8}") = "PublishScripts", "PublishScripts", "{33964848-8313-4296-99B3-181D06C71577}"
	ProjectSection(SolutionItems) = preProject
		PublishScripts\AzureWebsitePublishModule.psm1 = PublishScripts\AzureWebsitePublishModule.psm1
		PublishScripts\Publish-WebApplicationWebsite.ps1 = PublishScripts\Publish-WebApplicationWebsite.ps1
	EndProjectSection
EndProject
Project("{2150E333-8FDC-42A3-9474-1A3956D46DE8}") = "Configurations", "Configurations", "{41A2ADBF-8F84-4D00-9B22-218BCD8563E2}"
	ProjectSection(SolutionItems) = preProject
		PublishScripts\Configurations\AngularBlog-WAWS-dev.json = PublishScripts\Configurations\AngularBlog-WAWS-dev.json
	EndProjectSection
EndProject
Global
	GlobalSection(SolutionConfigurationPlatforms) = preSolution
		Debug|Any CPU = Debug|Any CPU
		Release|Any CPU = Release|Any CPU
	EndGlobalSection
	GlobalSection(ProjectConfigurationPlatforms) = postSolution
		{8C3B19B4-CBBE-46E3-A325-05CF287F2AE6}.Debug|Any CPU.ActiveCfg = Debug|Any CPU
		{8C3B19B4-CBBE-46E3-A325-05CF287F2AE6}.Debug|Any CPU.Build.0 = Debug|Any CPU
		{8C3B19B4-CBBE-46E3-A325-05CF287F2AE6}.Release|Any CPU.ActiveCfg = Release|Any CPU
		{8C3B19B4-CBBE-46E3-A325-05CF287F2AE6}.Release|Any CPU.Build.0 = Release|Any CPU
	EndGlobalSection
	GlobalSection(SolutionProperties) = preSolution
		HideSolutionNode = FALSE
	EndGlobalSection
	GlobalSection(NestedProjects) = preSolution
		{41A2ADBF-8F84-4D00-9B22-218BCD8563E2} = {33964848-8313-4296-99B3-181D06C71577}
	EndGlobalSection
EndGlobal
