
Microsoft Visual Studio Solution File, Format Version 12.00
# Visual Studio 2013
VisualStudioVersion = 12.0.31101.0
MinimumVisualStudioVersion = 10.0.40219.1
Project("{FAE04EC0-301F-11D3-BF4B-00C04F79EFBC}") = "sc0802.Bll", "sc0802.Bll\sc0802.Bll.csproj", "{27E70655-820D-4E94-8BFF-96F80A6A0C77}"
EndProject
Project("{FAE04EC0-301F-11D3-BF4B-00C04F79EFBC}") = "sc0802.Common", "sc0802.Common\sc0802.Common.csproj", "{38792026-8FD5-484D-9F1B-9116B5101529}"
EndProject
Project("{FAE04EC0-301F-11D3-BF4B-00C04F79EFBC}") = "sc0802.Dal", "sc0802.Dal\sc0802.Dal.csproj", "{340BD5B1-E9BD-4679-9747-A4DB1716FF63}"
EndProject
Project("{FAE04EC0-301F-11D3-BF4B-00C04F79EFBC}") = "sc0802.Model", "sc0802.Model\sc0802.Model.csproj", "{39823C61-860C-43F4-B3D2-B18930769B50}"
EndProject
Project("{E24C65DC-7377-472B-9ABA-BC803B73C61A}") = "CodeUI(1)", "http://localhost:2559", "{75678436-D2E2-4AFA-9AE5-B8BAAC83496D}"
	ProjectSection(WebsiteProperties) = preProject
		UseIISExpress = "true"
		TargetFrameworkMoniker = ".NETFramework,Version%3Dv4.0"
		Debug.AspNetCompiler.VirtualPath = "/localhost_2559"
		Debug.AspNetCompiler.PhysicalPath = "CodeUI\"
		Debug.AspNetCompiler.TargetPath = "PrecompiledWeb\localhost_2559\"
		Debug.AspNetCompiler.Updateable = "true"
		Debug.AspNetCompiler.ForceOverwrite = "true"
		Debug.AspNetCompiler.FixedNames = "false"
		Debug.AspNetCompiler.Debug = "True"
		Release.AspNetCompiler.VirtualPath = "/localhost_2559"
		Release.AspNetCompiler.PhysicalPath = "CodeUI\"
		Release.AspNetCompiler.TargetPath = "PrecompiledWeb\localhost_2559\"
		Release.AspNetCompiler.Updateable = "true"
		Release.AspNetCompiler.ForceOverwrite = "true"
		Release.AspNetCompiler.FixedNames = "false"
		Release.AspNetCompiler.Debug = "False"
		SlnRelativePath = "CodeUI\"
	EndProjectSection
EndProject
Global
	GlobalSection(SolutionConfigurationPlatforms) = preSolution
		Debug|Any CPU = Debug|Any CPU
		Release|Any CPU = Release|Any CPU
	EndGlobalSection
	GlobalSection(ProjectConfigurationPlatforms) = postSolution
		{27E70655-820D-4E94-8BFF-96F80A6A0C77}.Debug|Any CPU.ActiveCfg = Debug|Any CPU
		{27E70655-820D-4E94-8BFF-96F80A6A0C77}.Debug|Any CPU.Build.0 = Debug|Any CPU
		{27E70655-820D-4E94-8BFF-96F80A6A0C77}.Release|Any CPU.ActiveCfg = Release|Any CPU
		{27E70655-820D-4E94-8BFF-96F80A6A0C77}.Release|Any CPU.Build.0 = Release|Any CPU
		{38792026-8FD5-484D-9F1B-9116B5101529}.Debug|Any CPU.ActiveCfg = Debug|Any CPU
		{38792026-8FD5-484D-9F1B-9116B5101529}.Debug|Any CPU.Build.0 = Debug|Any CPU
		{38792026-8FD5-484D-9F1B-9116B5101529}.Release|Any CPU.ActiveCfg = Release|Any CPU
		{38792026-8FD5-484D-9F1B-9116B5101529}.Release|Any CPU.Build.0 = Release|Any CPU
		{340BD5B1-E9BD-4679-9747-A4DB1716FF63}.Debug|Any CPU.ActiveCfg = Debug|Any CPU
		{340BD5B1-E9BD-4679-9747-A4DB1716FF63}.Debug|Any CPU.Build.0 = Debug|Any CPU
		{340BD5B1-E9BD-4679-9747-A4DB1716FF63}.Release|Any CPU.ActiveCfg = Release|Any CPU
		{340BD5B1-E9BD-4679-9747-A4DB1716FF63}.Release|Any CPU.Build.0 = Release|Any CPU
		{39823C61-860C-43F4-B3D2-B18930769B50}.Debug|Any CPU.ActiveCfg = Debug|Any CPU
		{39823C61-860C-43F4-B3D2-B18930769B50}.Debug|Any CPU.Build.0 = Debug|Any CPU
		{39823C61-860C-43F4-B3D2-B18930769B50}.Release|Any CPU.ActiveCfg = Release|Any CPU
		{39823C61-860C-43F4-B3D2-B18930769B50}.Release|Any CPU.Build.0 = Release|Any CPU
		{75678436-D2E2-4AFA-9AE5-B8BAAC83496D}.Debug|Any CPU.ActiveCfg = Debug|Any CPU
		{75678436-D2E2-4AFA-9AE5-B8BAAC83496D}.Debug|Any CPU.Build.0 = Debug|Any CPU
		{75678436-D2E2-4AFA-9AE5-B8BAAC83496D}.Release|Any CPU.ActiveCfg = Debug|Any CPU
		{75678436-D2E2-4AFA-9AE5-B8BAAC83496D}.Release|Any CPU.Build.0 = Debug|Any CPU
	EndGlobalSection
	GlobalSection(SolutionProperties) = preSolution
		HideSolutionNode = FALSE
	EndGlobalSection
EndGlobal
