
Microsoft Visual Studio Solution File, Format Version 12.00
# Visual Studio 2013
VisualStudioVersion = 12.0.31101.0
MinimumVisualStudioVersion = 10.0.40219.1
Project("{E24C65DC-7377-472B-9ABA-BC803B73C61A}") = "1 ASP.NET请求执行过程详解,复习请求过程,一般处理程序,.实现登录,添加.自增数字和加法计算器,复习asp.net执行过程", "http://localhost:48099", "{2A6DDCFA-7B56-49FA-BD63-A9D70CB215FB}"
	ProjectSection(WebsiteProperties) = preProject
		UseIISExpress = "true"
		TargetFrameworkMoniker = ".NETFramework,Version%3Dv4.0"
		Debug.AspNetCompiler.VirtualPath = "/localhost_48099"
		Debug.AspNetCompiler.PhysicalPath = "..\..\..\工作\MyCode\ASP.NET\1 ASP.NET请求执行过程详解,复习请求过程,一般处理程序,.实现登录,添加.自增数字和加法计算器,复习asp.net执行过程\"
		Debug.AspNetCompiler.TargetPath = "PrecompiledWeb\localhost_48099\"
		Debug.AspNetCompiler.Updateable = "true"
		Debug.AspNetCompiler.ForceOverwrite = "true"
		Debug.AspNetCompiler.FixedNames = "false"
		Debug.AspNetCompiler.Debug = "True"
		Release.AspNetCompiler.VirtualPath = "/localhost_48099"
		Release.AspNetCompiler.PhysicalPath = "..\..\..\工作\MyCode\ASP.NET\1 ASP.NET请求执行过程详解,复习请求过程,一般处理程序,.实现登录,添加.自增数字和加法计算器,复习asp.net执行过程\"
		Release.AspNetCompiler.TargetPath = "PrecompiledWeb\localhost_48099\"
		Release.AspNetCompiler.Updateable = "true"
		Release.AspNetCompiler.ForceOverwrite = "true"
		Release.AspNetCompiler.FixedNames = "false"
		Release.AspNetCompiler.Debug = "False"
		SlnRelativePath = "..\..\..\工作\MyCode\ASP.NET\1 ASP.NET请求执行过程详解,复习请求过程,一般处理程序,.实现登录,添加.自增数字和加法计算器,复习asp.net执行过程\"
	EndProjectSection
EndProject
Global
	GlobalSection(SolutionConfigurationPlatforms) = preSolution
		Debug|Any CPU = Debug|Any CPU
	EndGlobalSection
	GlobalSection(ProjectConfigurationPlatforms) = postSolution
		{2A6DDCFA-7B56-49FA-BD63-A9D70CB215FB}.Debug|Any CPU.ActiveCfg = Debug|Any CPU
		{2A6DDCFA-7B56-49FA-BD63-A9D70CB215FB}.Debug|Any CPU.Build.0 = Debug|Any CPU
	EndGlobalSection
	GlobalSection(SolutionProperties) = preSolution
		HideSolutionNode = FALSE
	EndGlobalSection
EndGlobal
