
Microsoft Visual Studio Solution File, Format Version 12.00
# Visual Studio 2013
VisualStudioVersion = 12.0.40418.0
MinimumVisualStudioVersion = 10.0.40219.1
Project("{FAE04EC0-301F-11D3-BF4B-00C04F79EFBC}") = "KnockoutDemo", "KnockoutDemo\KnockoutDemo.csproj", "{CF58F39C-A5A6-42DF-ACA4-AD17F31EC419}"
EndProject
Project("{FAE04EC0-301F-11D3-BF4B-00C04F79EFBC}") = "KnockoutDemo.DbUtility", "KnockoutDemo.DbUtility\KnockoutDemo.DbUtility.csproj", "{58FE70A3-31A0-4EBB-8897-3E6DEEE810DE}"
EndProject
Project("{FAE04EC0-301F-11D3-BF4B-00C04F79EFBC}") = "KnockoutDemo.Service", "KnockoutDemo.Service\KnockoutDemo.Service.csproj", "{541F9BA9-D2E9-4D37-98B1-70FDB4B69785}"
EndProject
Project("{FAE04EC0-301F-11D3-BF4B-00C04F79EFBC}") = "KnockoutDemo.Domain", "KnockoutDemo.Domain\KnockoutDemo.Domain.csproj", "{FA11F13A-6BE5-4474-A7EE-3F30EB8554B2}"
EndProject
Global
	GlobalSection(SolutionConfigurationPlatforms) = preSolution
		Debug|Any CPU = Debug|Any CPU
		Release|Any CPU = Release|Any CPU
	EndGlobalSection
	GlobalSection(ProjectConfigurationPlatforms) = postSolution
		{CF58F39C-A5A6-42DF-ACA4-AD17F31EC419}.Debug|Any CPU.ActiveCfg = Debug|Any CPU
		{CF58F39C-A5A6-42DF-ACA4-AD17F31EC419}.Debug|Any CPU.Build.0 = Debug|Any CPU
		{CF58F39C-A5A6-42DF-ACA4-AD17F31EC419}.Release|Any CPU.ActiveCfg = Release|Any CPU
		{CF58F39C-A5A6-42DF-ACA4-AD17F31EC419}.Release|Any CPU.Build.0 = Release|Any CPU
		{58FE70A3-31A0-4EBB-8897-3E6DEEE810DE}.Debug|Any CPU.ActiveCfg = Debug|Any CPU
		{58FE70A3-31A0-4EBB-8897-3E6DEEE810DE}.Debug|Any CPU.Build.0 = Debug|Any CPU
		{58FE70A3-31A0-4EBB-8897-3E6DEEE810DE}.Release|Any CPU.ActiveCfg = Release|Any CPU
		{58FE70A3-31A0-4EBB-8897-3E6DEEE810DE}.Release|Any CPU.Build.0 = Release|Any CPU
		{541F9BA9-D2E9-4D37-98B1-70FDB4B69785}.Debug|Any CPU.ActiveCfg = Debug|Any CPU
		{541F9BA9-D2E9-4D37-98B1-70FDB4B69785}.Debug|Any CPU.Build.0 = Debug|Any CPU
		{541F9BA9-D2E9-4D37-98B1-70FDB4B69785}.Release|Any CPU.ActiveCfg = Release|Any CPU
		{541F9BA9-D2E9-4D37-98B1-70FDB4B69785}.Release|Any CPU.Build.0 = Release|Any CPU
		{FA11F13A-6BE5-4474-A7EE-3F30EB8554B2}.Debug|Any CPU.ActiveCfg = Debug|Any CPU
		{FA11F13A-6BE5-4474-A7EE-3F30EB8554B2}.Debug|Any CPU.Build.0 = Debug|Any CPU
		{FA11F13A-6BE5-4474-A7EE-3F30EB8554B2}.Release|Any CPU.ActiveCfg = Release|Any CPU
		{FA11F13A-6BE5-4474-A7EE-3F30EB8554B2}.Release|Any CPU.Build.0 = Release|Any CPU
	EndGlobalSection
	GlobalSection(SolutionProperties) = preSolution
		HideSolutionNode = FALSE
	EndGlobalSection
EndGlobal
