
Microsoft Visual Studio Solution File, Format Version 12.00
# Visual Studio 2013
VisualStudioVersion = 12.0.21005.1
MinimumVisualStudioVersion = 10.0.40219.1
Project("{FAE04EC0-301F-11D3-BF4B-00C04F79EFBC}") = "HTML5Demos", "HTML5Demos\HTML5Demos.csproj", "{5071A437-C38E-4B48-AAFB-1CB4A2389C54}"
EndProject
Project("{FAE04EC0-301F-11D3-BF4B-00C04F79EFBC}") = "SocktServerAndClient", "SocktServerAndClient\SocktServerAndClient.csproj", "{83E9BD97-CD27-485B-A963-A07BD858D514}"
EndProject
Project("{FAE04EC0-301F-11D3-BF4B-00C04F79EFBC}") = "ThreadPooldemo", "ConsoleApplication1\ThreadPooldemo.csproj", "{47F06BD3-BB52-4A40-BA53-9399584DD97E}"
EndProject
Global
	GlobalSection(SolutionConfigurationPlatforms) = preSolution
		Debug|Any CPU = Debug|Any CPU
		Debug|Mixed Platforms = Debug|Mixed Platforms
		Debug|x86 = Debug|x86
		Release|Any CPU = Release|Any CPU
		Release|Mixed Platforms = Release|Mixed Platforms
		Release|x86 = Release|x86
	EndGlobalSection
	GlobalSection(ProjectConfigurationPlatforms) = postSolution
		{5071A437-C38E-4B48-AAFB-1CB4A2389C54}.Debug|Any CPU.ActiveCfg = Debug|Any CPU
		{5071A437-C38E-4B48-AAFB-1CB4A2389C54}.Debug|Any CPU.Build.0 = Debug|Any CPU
		{5071A437-C38E-4B48-AAFB-1CB4A2389C54}.Debug|Mixed Platforms.ActiveCfg = Debug|Any CPU
		{5071A437-C38E-4B48-AAFB-1CB4A2389C54}.Debug|Mixed Platforms.Build.0 = Debug|Any CPU
		{5071A437-C38E-4B48-AAFB-1CB4A2389C54}.Debug|x86.ActiveCfg = Debug|Any CPU
		{5071A437-C38E-4B48-AAFB-1CB4A2389C54}.Release|Any CPU.ActiveCfg = Release|Any CPU
		{5071A437-C38E-4B48-AAFB-1CB4A2389C54}.Release|Any CPU.Build.0 = Release|Any CPU
		{5071A437-C38E-4B48-AAFB-1CB4A2389C54}.Release|Mixed Platforms.ActiveCfg = Release|Any CPU
		{5071A437-C38E-4B48-AAFB-1CB4A2389C54}.Release|Mixed Platforms.Build.0 = Release|Any CPU
		{5071A437-C38E-4B48-AAFB-1CB4A2389C54}.Release|x86.ActiveCfg = Release|Any CPU
		{83E9BD97-CD27-485B-A963-A07BD858D514}.Debug|Any CPU.ActiveCfg = Debug|x86
		{83E9BD97-CD27-485B-A963-A07BD858D514}.Debug|Mixed Platforms.ActiveCfg = Debug|x86
		{83E9BD97-CD27-485B-A963-A07BD858D514}.Debug|Mixed Platforms.Build.0 = Debug|x86
		{83E9BD97-CD27-485B-A963-A07BD858D514}.Debug|x86.ActiveCfg = Debug|x86
		{83E9BD97-CD27-485B-A963-A07BD858D514}.Debug|x86.Build.0 = Debug|x86
		{83E9BD97-CD27-485B-A963-A07BD858D514}.Release|Any CPU.ActiveCfg = Release|x86
		{83E9BD97-CD27-485B-A963-A07BD858D514}.Release|Mixed Platforms.ActiveCfg = Release|x86
		{83E9BD97-CD27-485B-A963-A07BD858D514}.Release|Mixed Platforms.Build.0 = Release|x86
		{83E9BD97-CD27-485B-A963-A07BD858D514}.Release|x86.ActiveCfg = Release|x86
		{83E9BD97-CD27-485B-A963-A07BD858D514}.Release|x86.Build.0 = Release|x86
		{47F06BD3-BB52-4A40-BA53-9399584DD97E}.Debug|Any CPU.ActiveCfg = Debug|x86
		{47F06BD3-BB52-4A40-BA53-9399584DD97E}.Debug|Mixed Platforms.ActiveCfg = Debug|x86
		{47F06BD3-BB52-4A40-BA53-9399584DD97E}.Debug|Mixed Platforms.Build.0 = Debug|x86
		{47F06BD3-BB52-4A40-BA53-9399584DD97E}.Debug|x86.ActiveCfg = Debug|x86
		{47F06BD3-BB52-4A40-BA53-9399584DD97E}.Debug|x86.Build.0 = Debug|x86
		{47F06BD3-BB52-4A40-BA53-9399584DD97E}.Release|Any CPU.ActiveCfg = Release|x86
		{47F06BD3-BB52-4A40-BA53-9399584DD97E}.Release|Mixed Platforms.ActiveCfg = Release|x86
		{47F06BD3-BB52-4A40-BA53-9399584DD97E}.Release|Mixed Platforms.Build.0 = Release|x86
		{47F06BD3-BB52-4A40-BA53-9399584DD97E}.Release|x86.ActiveCfg = Release|x86
		{47F06BD3-BB52-4A40-BA53-9399584DD97E}.Release|x86.Build.0 = Release|x86
	EndGlobalSection
	GlobalSection(SolutionProperties) = preSolution
		HideSolutionNode = FALSE
	EndGlobalSection
EndGlobal
