
Microsoft Visual Studio Solution File, Format Version 11.00
# Visual Studio 2010
Project("{FAE04EC0-301F-11D3-BF4B-00C04F79EFBC}") = "01定义接口", "01定义接口\01定义接口.csproj", "{07856EE5-910C-4180-9152-1EF094D10464}"
EndProject
Project("{FAE04EC0-301F-11D3-BF4B-00C04F79EFBC}") = "Overload", "Overload\Overload.csproj", "{73A24FDD-314E-40D3-A18A-40CF628BC826}"
EndProject
Project("{FAE04EC0-301F-11D3-BF4B-00C04F79EFBC}") = "09异常代码观察", "01异常代码观察\09异常代码观察.csproj", "{16C9F355-5825-444A-B6A6-643A09F170CC}"
EndProject
Project("{FAE04EC0-301F-11D3-BF4B-00C04F79EFBC}") = "02接口", "02接口\02接口.csproj", "{81F0AA23-FD6A-4742-8DE6-1BE61D9202F1}"
EndProject
Project("{FAE04EC0-301F-11D3-BF4B-00C04F79EFBC}") = "03接口3", "03接口3\03接口3.csproj", "{2D7023B0-1EE8-41EB-8B2E-D635B6A5F72C}"
EndProject
Project("{FAE04EC0-301F-11D3-BF4B-00C04F79EFBC}") = "04鸭子接口演示", "04鸭子接口演示\04鸭子接口演示.csproj", "{BAC7BE94-B7BA-4356-BAA6-F05ACF1DAEEE}"
EndProject
Project("{FAE04EC0-301F-11D3-BF4B-00C04F79EFBC}") = "05显示实现接口", "05显示实现接口\05显示实现接口.csproj", "{25BBF6D3-D7CF-48B5-AB96-9D45F39E3B7E}"
EndProject
Project("{FAE04EC0-301F-11D3-BF4B-00C04F79EFBC}") = "06接口之间的继承", "06接口之间的继承\06接口之间的继承.csproj", "{B0FCCFA1-712E-4640-AA59-B09DE2B5CD4A}"
EndProject
Project("{FAE04EC0-301F-11D3-BF4B-00C04F79EFBC}") = "07接口练习", "07接口练习\07接口练习.csproj", "{2A5C4331-9CEA-483A-8838-AC62C097E2E2}"
EndProject
Project("{FAE04EC0-301F-11D3-BF4B-00C04F79EFBC}") = "08类型转换", "08类型转换\08类型转换.csproj", "{E722E2DC-0493-4ACD-8DFE-BAB4F527F554}"
EndProject
Project("{FAE04EC0-301F-11D3-BF4B-00C04F79EFBC}") = "09异常处理", "09异常处理\09异常处理.csproj", "{3A6CF98A-0ABC-431E-8B3F-0BD07F7593A1}"
EndProject
Project("{FAE04EC0-301F-11D3-BF4B-00C04F79EFBC}") = "10可变参数", "10可变参数\10可变参数.csproj", "{840AB104-DDFC-427C-BAD0-224563BC042D}"
EndProject
Project("{FAE04EC0-301F-11D3-BF4B-00C04F79EFBC}") = "11ref与out练习", "11ref与out练习\11ref与out练习.csproj", "{3F754D33-4A2A-42CE-BB37-0B7E553C8544}"
EndProject
Project("{FAE04EC0-301F-11D3-BF4B-00C04F79EFBC}") = "12判断两个对象是否为同一个对象", "12判断两个对象是否为同一个对象\12判断两个对象是否为同一个对象.csproj", "{C0AF2AEF-2A21-4FF7-A93A-5FFF43AFFFC7}"
EndProject
Global
	GlobalSection(SolutionConfigurationPlatforms) = preSolution
		Debug|x86 = Debug|x86
		Release|x86 = Release|x86
	EndGlobalSection
	GlobalSection(ProjectConfigurationPlatforms) = postSolution
		{07856EE5-910C-4180-9152-1EF094D10464}.Debug|x86.ActiveCfg = Debug|x86
		{07856EE5-910C-4180-9152-1EF094D10464}.Debug|x86.Build.0 = Debug|x86
		{07856EE5-910C-4180-9152-1EF094D10464}.Release|x86.ActiveCfg = Release|x86
		{07856EE5-910C-4180-9152-1EF094D10464}.Release|x86.Build.0 = Release|x86
		{73A24FDD-314E-40D3-A18A-40CF628BC826}.Debug|x86.ActiveCfg = Debug|x86
		{73A24FDD-314E-40D3-A18A-40CF628BC826}.Debug|x86.Build.0 = Debug|x86
		{73A24FDD-314E-40D3-A18A-40CF628BC826}.Release|x86.ActiveCfg = Release|x86
		{73A24FDD-314E-40D3-A18A-40CF628BC826}.Release|x86.Build.0 = Release|x86
		{16C9F355-5825-444A-B6A6-643A09F170CC}.Debug|x86.ActiveCfg = Debug|x86
		{16C9F355-5825-444A-B6A6-643A09F170CC}.Debug|x86.Build.0 = Debug|x86
		{16C9F355-5825-444A-B6A6-643A09F170CC}.Release|x86.ActiveCfg = Release|x86
		{16C9F355-5825-444A-B6A6-643A09F170CC}.Release|x86.Build.0 = Release|x86
		{81F0AA23-FD6A-4742-8DE6-1BE61D9202F1}.Debug|x86.ActiveCfg = Debug|x86
		{81F0AA23-FD6A-4742-8DE6-1BE61D9202F1}.Debug|x86.Build.0 = Debug|x86
		{81F0AA23-FD6A-4742-8DE6-1BE61D9202F1}.Release|x86.ActiveCfg = Release|x86
		{81F0AA23-FD6A-4742-8DE6-1BE61D9202F1}.Release|x86.Build.0 = Release|x86
		{2D7023B0-1EE8-41EB-8B2E-D635B6A5F72C}.Debug|x86.ActiveCfg = Debug|x86
		{2D7023B0-1EE8-41EB-8B2E-D635B6A5F72C}.Debug|x86.Build.0 = Debug|x86
		{2D7023B0-1EE8-41EB-8B2E-D635B6A5F72C}.Release|x86.ActiveCfg = Release|x86
		{2D7023B0-1EE8-41EB-8B2E-D635B6A5F72C}.Release|x86.Build.0 = Release|x86
		{BAC7BE94-B7BA-4356-BAA6-F05ACF1DAEEE}.Debug|x86.ActiveCfg = Debug|x86
		{BAC7BE94-B7BA-4356-BAA6-F05ACF1DAEEE}.Debug|x86.Build.0 = Debug|x86
		{BAC7BE94-B7BA-4356-BAA6-F05ACF1DAEEE}.Release|x86.ActiveCfg = Release|x86
		{BAC7BE94-B7BA-4356-BAA6-F05ACF1DAEEE}.Release|x86.Build.0 = Release|x86
		{25BBF6D3-D7CF-48B5-AB96-9D45F39E3B7E}.Debug|x86.ActiveCfg = Debug|x86
		{25BBF6D3-D7CF-48B5-AB96-9D45F39E3B7E}.Debug|x86.Build.0 = Debug|x86
		{25BBF6D3-D7CF-48B5-AB96-9D45F39E3B7E}.Release|x86.ActiveCfg = Release|x86
		{25BBF6D3-D7CF-48B5-AB96-9D45F39E3B7E}.Release|x86.Build.0 = Release|x86
		{B0FCCFA1-712E-4640-AA59-B09DE2B5CD4A}.Debug|x86.ActiveCfg = Debug|x86
		{B0FCCFA1-712E-4640-AA59-B09DE2B5CD4A}.Debug|x86.Build.0 = Debug|x86
		{B0FCCFA1-712E-4640-AA59-B09DE2B5CD4A}.Release|x86.ActiveCfg = Release|x86
		{B0FCCFA1-712E-4640-AA59-B09DE2B5CD4A}.Release|x86.Build.0 = Release|x86
		{2A5C4331-9CEA-483A-8838-AC62C097E2E2}.Debug|x86.ActiveCfg = Debug|x86
		{2A5C4331-9CEA-483A-8838-AC62C097E2E2}.Debug|x86.Build.0 = Debug|x86
		{2A5C4331-9CEA-483A-8838-AC62C097E2E2}.Release|x86.ActiveCfg = Release|x86
		{2A5C4331-9CEA-483A-8838-AC62C097E2E2}.Release|x86.Build.0 = Release|x86
		{E722E2DC-0493-4ACD-8DFE-BAB4F527F554}.Debug|x86.ActiveCfg = Debug|x86
		{E722E2DC-0493-4ACD-8DFE-BAB4F527F554}.Debug|x86.Build.0 = Debug|x86
		{E722E2DC-0493-4ACD-8DFE-BAB4F527F554}.Release|x86.ActiveCfg = Release|x86
		{E722E2DC-0493-4ACD-8DFE-BAB4F527F554}.Release|x86.Build.0 = Release|x86
		{3A6CF98A-0ABC-431E-8B3F-0BD07F7593A1}.Debug|x86.ActiveCfg = Debug|x86
		{3A6CF98A-0ABC-431E-8B3F-0BD07F7593A1}.Debug|x86.Build.0 = Debug|x86
		{3A6CF98A-0ABC-431E-8B3F-0BD07F7593A1}.Release|x86.ActiveCfg = Release|x86
		{3A6CF98A-0ABC-431E-8B3F-0BD07F7593A1}.Release|x86.Build.0 = Release|x86
		{840AB104-DDFC-427C-BAD0-224563BC042D}.Debug|x86.ActiveCfg = Debug|x86
		{840AB104-DDFC-427C-BAD0-224563BC042D}.Debug|x86.Build.0 = Debug|x86
		{840AB104-DDFC-427C-BAD0-224563BC042D}.Release|x86.ActiveCfg = Release|x86
		{840AB104-DDFC-427C-BAD0-224563BC042D}.Release|x86.Build.0 = Release|x86
		{3F754D33-4A2A-42CE-BB37-0B7E553C8544}.Debug|x86.ActiveCfg = Debug|x86
		{3F754D33-4A2A-42CE-BB37-0B7E553C8544}.Debug|x86.Build.0 = Debug|x86
		{3F754D33-4A2A-42CE-BB37-0B7E553C8544}.Release|x86.ActiveCfg = Release|x86
		{3F754D33-4A2A-42CE-BB37-0B7E553C8544}.Release|x86.Build.0 = Release|x86
		{C0AF2AEF-2A21-4FF7-A93A-5FFF43AFFFC7}.Debug|x86.ActiveCfg = Debug|x86
		{C0AF2AEF-2A21-4FF7-A93A-5FFF43AFFFC7}.Debug|x86.Build.0 = Debug|x86
		{C0AF2AEF-2A21-4FF7-A93A-5FFF43AFFFC7}.Release|x86.ActiveCfg = Release|x86
		{C0AF2AEF-2A21-4FF7-A93A-5FFF43AFFFC7}.Release|x86.Build.0 = Release|x86
	EndGlobalSection
	GlobalSection(SolutionProperties) = preSolution
		HideSolutionNode = FALSE
	EndGlobalSection
EndGlobal
