
Microsoft Visual Studio Solution File, Format Version 12.00
# Visual Studio 2012
Project("{FAE04EC0-301F-11D3-BF4B-00C04F79EFBC}") = "NhDemo", "NhDemo\NhDemo.csproj", "{0BA77F4B-B4AB-49CA-8129-316025851439}"
EndProject
Project("{F088123C-0E9E-452A-89E6-6BA2F21D5CAC}") = "ModelingProjectDemo", "ModelingProjectDemo\ModelingProjectDemo.modelproj", "{692D5704-B232-4226-A8A0-76643587E263}"
EndProject
Project("{FAE04EC0-301F-11D3-BF4B-00C04F79EFBC}") = "ModelingProjectDemoLib", "ModelingProjectDemoLib\ModelingProjectDemoLib.csproj", "{376041D6-C4D9-4CAF-B60B-4ECBD31D1F3C}"
EndProject
Project("{FAE04EC0-301F-11D3-BF4B-00C04F79EFBC}") = "WebApplication1", "WebApplication1\WebApplication1.csproj", "{2F6B1BED-36B9-4502-B3C6-513501A1A759}"
EndProject
Project("{FAE04EC0-301F-11D3-BF4B-00C04F79EFBC}") = "WebServiceClient", "WebServiceClient\WebServiceClient.csproj", "{604BDF39-82E5-4367-8F0C-C9E68F8276CB}"
	ProjectSection(ProjectDependencies) = postProject
		{2F6B1BED-36B9-4502-B3C6-513501A1A759} = {2F6B1BED-36B9-4502-B3C6-513501A1A759}
	EndProjectSection
EndProject
Project("{2150E333-8FDC-42A3-9474-1A3956D46DE8}") = "WCFDemos", "WCFDemos", "{35DB91F8-8559-4E43-B158-2D224ED576E4}"
EndProject
Project("{FAE04EC0-301F-11D3-BF4B-00C04F79EFBC}") = "IBLL", "IBLL\IBLL.csproj", "{2BAF69C7-9A80-4D4B-AFDD-B7379744BF18}"
EndProject
Project("{FAE04EC0-301F-11D3-BF4B-00C04F79EFBC}") = "BLL", "BLL\BLL.csproj", "{C4273533-B61A-42FF-B5D4-B73DC96BABD0}"
EndProject
Project("{FAE04EC0-301F-11D3-BF4B-00C04F79EFBC}") = "WCFHost1", "WCFHost1\WCFHost1.csproj", "{3938148A-049E-4BC5-B463-28C013C96056}"
EndProject
Project("{FAE04EC0-301F-11D3-BF4B-00C04F79EFBC}") = "WCFClient1", "WCFClient1\WCFClient1.csproj", "{C880134C-AF7B-4821-85D2-A48A836F3269}"
EndProject
Global
	GlobalSection(SolutionConfigurationPlatforms) = preSolution
		Debug|Any CPU = Debug|Any CPU
		Release|Any CPU = Release|Any CPU
	EndGlobalSection
	GlobalSection(ProjectConfigurationPlatforms) = postSolution
		{0BA77F4B-B4AB-49CA-8129-316025851439}.Debug|Any CPU.ActiveCfg = Debug|Any CPU
		{0BA77F4B-B4AB-49CA-8129-316025851439}.Debug|Any CPU.Build.0 = Debug|Any CPU
		{0BA77F4B-B4AB-49CA-8129-316025851439}.Release|Any CPU.ActiveCfg = Release|Any CPU
		{0BA77F4B-B4AB-49CA-8129-316025851439}.Release|Any CPU.Build.0 = Release|Any CPU
		{692D5704-B232-4226-A8A0-76643587E263}.Debug|Any CPU.ActiveCfg = Debug|Any CPU
		{692D5704-B232-4226-A8A0-76643587E263}.Debug|Any CPU.Build.0 = Debug|Any CPU
		{692D5704-B232-4226-A8A0-76643587E263}.Release|Any CPU.ActiveCfg = Release|Any CPU
		{692D5704-B232-4226-A8A0-76643587E263}.Release|Any CPU.Build.0 = Release|Any CPU
		{376041D6-C4D9-4CAF-B60B-4ECBD31D1F3C}.Debug|Any CPU.ActiveCfg = Debug|Any CPU
		{376041D6-C4D9-4CAF-B60B-4ECBD31D1F3C}.Debug|Any CPU.Build.0 = Debug|Any CPU
		{376041D6-C4D9-4CAF-B60B-4ECBD31D1F3C}.Release|Any CPU.ActiveCfg = Release|Any CPU
		{376041D6-C4D9-4CAF-B60B-4ECBD31D1F3C}.Release|Any CPU.Build.0 = Release|Any CPU
		{2F6B1BED-36B9-4502-B3C6-513501A1A759}.Debug|Any CPU.ActiveCfg = Debug|Any CPU
		{2F6B1BED-36B9-4502-B3C6-513501A1A759}.Debug|Any CPU.Build.0 = Debug|Any CPU
		{2F6B1BED-36B9-4502-B3C6-513501A1A759}.Release|Any CPU.ActiveCfg = Release|Any CPU
		{2F6B1BED-36B9-4502-B3C6-513501A1A759}.Release|Any CPU.Build.0 = Release|Any CPU
		{604BDF39-82E5-4367-8F0C-C9E68F8276CB}.Debug|Any CPU.ActiveCfg = Debug|Any CPU
		{604BDF39-82E5-4367-8F0C-C9E68F8276CB}.Debug|Any CPU.Build.0 = Debug|Any CPU
		{604BDF39-82E5-4367-8F0C-C9E68F8276CB}.Release|Any CPU.ActiveCfg = Release|Any CPU
		{604BDF39-82E5-4367-8F0C-C9E68F8276CB}.Release|Any CPU.Build.0 = Release|Any CPU
		{2BAF69C7-9A80-4D4B-AFDD-B7379744BF18}.Debug|Any CPU.ActiveCfg = Debug|Any CPU
		{2BAF69C7-9A80-4D4B-AFDD-B7379744BF18}.Debug|Any CPU.Build.0 = Debug|Any CPU
		{2BAF69C7-9A80-4D4B-AFDD-B7379744BF18}.Release|Any CPU.ActiveCfg = Release|Any CPU
		{2BAF69C7-9A80-4D4B-AFDD-B7379744BF18}.Release|Any CPU.Build.0 = Release|Any CPU
		{C4273533-B61A-42FF-B5D4-B73DC96BABD0}.Debug|Any CPU.ActiveCfg = Debug|Any CPU
		{C4273533-B61A-42FF-B5D4-B73DC96BABD0}.Debug|Any CPU.Build.0 = Debug|Any CPU
		{C4273533-B61A-42FF-B5D4-B73DC96BABD0}.Release|Any CPU.ActiveCfg = Release|Any CPU
		{C4273533-B61A-42FF-B5D4-B73DC96BABD0}.Release|Any CPU.Build.0 = Release|Any CPU
		{3938148A-049E-4BC5-B463-28C013C96056}.Debug|Any CPU.ActiveCfg = Debug|Any CPU
		{3938148A-049E-4BC5-B463-28C013C96056}.Debug|Any CPU.Build.0 = Debug|Any CPU
		{3938148A-049E-4BC5-B463-28C013C96056}.Release|Any CPU.ActiveCfg = Release|Any CPU
		{3938148A-049E-4BC5-B463-28C013C96056}.Release|Any CPU.Build.0 = Release|Any CPU
		{C880134C-AF7B-4821-85D2-A48A836F3269}.Debug|Any CPU.ActiveCfg = Debug|Any CPU
		{C880134C-AF7B-4821-85D2-A48A836F3269}.Debug|Any CPU.Build.0 = Debug|Any CPU
		{C880134C-AF7B-4821-85D2-A48A836F3269}.Release|Any CPU.ActiveCfg = Release|Any CPU
		{C880134C-AF7B-4821-85D2-A48A836F3269}.Release|Any CPU.Build.0 = Release|Any CPU
	EndGlobalSection
	GlobalSection(SolutionProperties) = preSolution
		HideSolutionNode = FALSE
	EndGlobalSection
	GlobalSection(NestedProjects) = preSolution
		{2BAF69C7-9A80-4D4B-AFDD-B7379744BF18} = {35DB91F8-8559-4E43-B158-2D224ED576E4}
		{C4273533-B61A-42FF-B5D4-B73DC96BABD0} = {35DB91F8-8559-4E43-B158-2D224ED576E4}
		{3938148A-049E-4BC5-B463-28C013C96056} = {35DB91F8-8559-4E43-B158-2D224ED576E4}
		{C880134C-AF7B-4821-85D2-A48A836F3269} = {35DB91F8-8559-4E43-B158-2D224ED576E4}
	EndGlobalSection
EndGlobal
