
Microsoft Visual Studio Solution File, Format Version 11.00
# Visual Studio 2010
Project("{FAE04EC0-301F-11D3-BF4B-00C04F79EFBC}") = "BeiDream", "BeiDream\BeiDream.csproj", "{4EC8586D-C15F-41C0-9B54-933F52D7CBAF}"
EndProject
Global
	GlobalSection(SolutionConfigurationPlatforms) = preSolution
		Debug|Any CPU = Debug|Any CPU
		Release|Any CPU = Release|Any CPU
	EndGlobalSection
	GlobalSection(ProjectConfigurationPlatforms) = postSolution
		{4EC8586D-C15F-41C0-9B54-933F52D7CBAF}.Debug|Any CPU.ActiveCfg = Debug|Any CPU
		{4EC8586D-C15F-41C0-9B54-933F52D7CBAF}.Debug|Any CPU.Build.0 = Debug|Any CPU
		{4EC8586D-C15F-41C0-9B54-933F52D7CBAF}.Release|Any CPU.ActiveCfg = Release|Any CPU
		{4EC8586D-C15F-41C0-9B54-933F52D7CBAF}.Release|Any CPU.Build.0 = Release|Any CPU
	EndGlobalSection
	GlobalSection(SolutionProperties) = preSolution
		HideSolutionNode = FALSE
	EndGlobalSection
EndGlobal
