
Microsoft Visual Studio Solution File, Format Version 11.00
# Visual Studio 2010
Project("{FAE04EC0-301F-11D3-BF4B-00C04F79EFBC}") = "BasicDay2", "BasicDay2\BasicDay2.csproj", "{21392648-9327-4BFE-8420-BF81E2B51FE7}"
EndProject
Project("{FAE04EC0-301F-11D3-BF4B-00C04F79EFBC}") = "MyCalculator", "MyCalculator\MyCalculator.csproj", "{25A9E8ED-1496-4557-9903-363327BEDA83}"
EndProject
Project("{FAE04EC0-301F-11D3-BF4B-00C04F79EFBC}") = "StoneZizzorsCloth", "StoneZizzorsCloth\StoneZizzorsCloth.csproj", "{D13D1598-478A-46F8-BE5B-D143C55EACA1}"
EndProject
Project("{FAE04EC0-301F-11D3-BF4B-00C04F79EFBC}") = "Abstraction", "Abstraction\Abstraction.csproj", "{17B07EF3-DAF8-4E79-857F-C755991012C0}"
EndProject
Project("{FAE04EC0-301F-11D3-BF4B-00C04F79EFBC}") = "Inheritance", "Inheritance\Inheritance.csproj", "{AFDFBBA1-CBA4-463B-9FC7-2C6F029B8098}"
EndProject
Project("{FAE04EC0-301F-11D3-BF4B-00C04F79EFBC}") = "Inheritance2", "Inheritance2\Inheritance2.csproj", "{23001B4B-CE66-4FA8-9795-9F606EEB13F1}"
EndProject
Project("{FAE04EC0-301F-11D3-BF4B-00C04F79EFBC}") = "this调用自己的构造函数", "this调用自己的构造函数\this调用自己的构造函数.csproj", "{ACE2C7A6-2737-428D-B7F7-3387427A45B7}"
EndProject
Project("{FAE04EC0-301F-11D3-BF4B-00C04F79EFBC}") = "AccessModifier", "AccessModifier\AccessModifier.csproj", "{AF1394E5-C19F-41B5-824D-243ED1099CFB}"
EndProject
Project("{FAE04EC0-301F-11D3-BF4B-00C04F79EFBC}") = "通过this与base来调用类中成员", "通过this与base来调用类中成员\通过this与base来调用类中成员.csproj", "{8D037CD1-C077-4625-B1B6-33C514B13071}"
EndProject
Project("{FAE04EC0-301F-11D3-BF4B-00C04F79EFBC}") = "InheritancePractice", "InheritancePractice\InheritancePractice.csproj", "{399BCDAC-6831-4D35-8695-3AE3483D09DE}"
EndProject
Project("{FAE04EC0-301F-11D3-BF4B-00C04F79EFBC}") = "AccessPractice", "AccessPractice\AccessPractice.csproj", "{33C769BE-E703-42C9-A2D7-0862F23AD5CB}"
EndProject
Project("{FAE04EC0-301F-11D3-BF4B-00C04F79EFBC}") = "VirtualMethod4polymorphism", "VirtualMethod4polymorphism\VirtualMethod4polymorphism.csproj", "{8E15F9E8-E8C4-4C7E-A618-D2674011E76C}"
EndProject
Global
	GlobalSection(SolutionConfigurationPlatforms) = preSolution
		Debug|x86 = Debug|x86
		Release|x86 = Release|x86
	EndGlobalSection
	GlobalSection(ProjectConfigurationPlatforms) = postSolution
		{21392648-9327-4BFE-8420-BF81E2B51FE7}.Debug|x86.ActiveCfg = Debug|x86
		{21392648-9327-4BFE-8420-BF81E2B51FE7}.Debug|x86.Build.0 = Debug|x86
		{21392648-9327-4BFE-8420-BF81E2B51FE7}.Release|x86.ActiveCfg = Release|x86
		{21392648-9327-4BFE-8420-BF81E2B51FE7}.Release|x86.Build.0 = Release|x86
		{25A9E8ED-1496-4557-9903-363327BEDA83}.Debug|x86.ActiveCfg = Debug|x86
		{25A9E8ED-1496-4557-9903-363327BEDA83}.Debug|x86.Build.0 = Debug|x86
		{25A9E8ED-1496-4557-9903-363327BEDA83}.Release|x86.ActiveCfg = Release|x86
		{25A9E8ED-1496-4557-9903-363327BEDA83}.Release|x86.Build.0 = Release|x86
		{D13D1598-478A-46F8-BE5B-D143C55EACA1}.Debug|x86.ActiveCfg = Debug|x86
		{D13D1598-478A-46F8-BE5B-D143C55EACA1}.Debug|x86.Build.0 = Debug|x86
		{D13D1598-478A-46F8-BE5B-D143C55EACA1}.Release|x86.ActiveCfg = Release|x86
		{D13D1598-478A-46F8-BE5B-D143C55EACA1}.Release|x86.Build.0 = Release|x86
		{17B07EF3-DAF8-4E79-857F-C755991012C0}.Debug|x86.ActiveCfg = Debug|x86
		{17B07EF3-DAF8-4E79-857F-C755991012C0}.Debug|x86.Build.0 = Debug|x86
		{17B07EF3-DAF8-4E79-857F-C755991012C0}.Release|x86.ActiveCfg = Release|x86
		{17B07EF3-DAF8-4E79-857F-C755991012C0}.Release|x86.Build.0 = Release|x86
		{AFDFBBA1-CBA4-463B-9FC7-2C6F029B8098}.Debug|x86.ActiveCfg = Debug|x86
		{AFDFBBA1-CBA4-463B-9FC7-2C6F029B8098}.Debug|x86.Build.0 = Debug|x86
		{AFDFBBA1-CBA4-463B-9FC7-2C6F029B8098}.Release|x86.ActiveCfg = Release|x86
		{AFDFBBA1-CBA4-463B-9FC7-2C6F029B8098}.Release|x86.Build.0 = Release|x86
		{23001B4B-CE66-4FA8-9795-9F606EEB13F1}.Debug|x86.ActiveCfg = Debug|x86
		{23001B4B-CE66-4FA8-9795-9F606EEB13F1}.Debug|x86.Build.0 = Debug|x86
		{23001B4B-CE66-4FA8-9795-9F606EEB13F1}.Release|x86.ActiveCfg = Release|x86
		{23001B4B-CE66-4FA8-9795-9F606EEB13F1}.Release|x86.Build.0 = Release|x86
		{ACE2C7A6-2737-428D-B7F7-3387427A45B7}.Debug|x86.ActiveCfg = Debug|x86
		{ACE2C7A6-2737-428D-B7F7-3387427A45B7}.Debug|x86.Build.0 = Debug|x86
		{ACE2C7A6-2737-428D-B7F7-3387427A45B7}.Release|x86.ActiveCfg = Release|x86
		{ACE2C7A6-2737-428D-B7F7-3387427A45B7}.Release|x86.Build.0 = Release|x86
		{AF1394E5-C19F-41B5-824D-243ED1099CFB}.Debug|x86.ActiveCfg = Debug|x86
		{AF1394E5-C19F-41B5-824D-243ED1099CFB}.Debug|x86.Build.0 = Debug|x86
		{AF1394E5-C19F-41B5-824D-243ED1099CFB}.Release|x86.ActiveCfg = Release|x86
		{AF1394E5-C19F-41B5-824D-243ED1099CFB}.Release|x86.Build.0 = Release|x86
		{8D037CD1-C077-4625-B1B6-33C514B13071}.Debug|x86.ActiveCfg = Debug|x86
		{8D037CD1-C077-4625-B1B6-33C514B13071}.Debug|x86.Build.0 = Debug|x86
		{8D037CD1-C077-4625-B1B6-33C514B13071}.Release|x86.ActiveCfg = Release|x86
		{8D037CD1-C077-4625-B1B6-33C514B13071}.Release|x86.Build.0 = Release|x86
		{399BCDAC-6831-4D35-8695-3AE3483D09DE}.Debug|x86.ActiveCfg = Debug|x86
		{399BCDAC-6831-4D35-8695-3AE3483D09DE}.Debug|x86.Build.0 = Debug|x86
		{399BCDAC-6831-4D35-8695-3AE3483D09DE}.Release|x86.ActiveCfg = Release|x86
		{399BCDAC-6831-4D35-8695-3AE3483D09DE}.Release|x86.Build.0 = Release|x86
		{33C769BE-E703-42C9-A2D7-0862F23AD5CB}.Debug|x86.ActiveCfg = Debug|x86
		{33C769BE-E703-42C9-A2D7-0862F23AD5CB}.Debug|x86.Build.0 = Debug|x86
		{33C769BE-E703-42C9-A2D7-0862F23AD5CB}.Release|x86.ActiveCfg = Release|x86
		{33C769BE-E703-42C9-A2D7-0862F23AD5CB}.Release|x86.Build.0 = Release|x86
		{8E15F9E8-E8C4-4C7E-A618-D2674011E76C}.Debug|x86.ActiveCfg = Debug|x86
		{8E15F9E8-E8C4-4C7E-A618-D2674011E76C}.Debug|x86.Build.0 = Debug|x86
		{8E15F9E8-E8C4-4C7E-A618-D2674011E76C}.Release|x86.ActiveCfg = Release|x86
		{8E15F9E8-E8C4-4C7E-A618-D2674011E76C}.Release|x86.Build.0 = Release|x86
	EndGlobalSection
	GlobalSection(SolutionProperties) = preSolution
		HideSolutionNode = FALSE
	EndGlobalSection
EndGlobal
